// !$*UTF8*$!
{
	archiveVersion = 1;
	classes = {
	};
	objectVersion = 54;
	objects = {

/* Begin PBXBuildFile section */
		2D2C910F2363A7FB0029874A /* SharedFunctions.swift in Sources */ = {isa = PBXBuildFile; fileRef = 2D2C910E2363A7FB0029874A /* SharedFunctions.swift */; };
		2D32D87A2358EEC200454EB8 /* TaskRoomTableViewCell.swift in Sources */ = {isa = PBXBuildFile; fileRef = 2D32D8792358EEC200454EB8 /* TaskRoomTableViewCell.swift */; };
		2D32D87C23590BE100454EB8 /* TaskIntervalTableViewCell.swift in Sources */ = {isa = PBXBuildFile; fileRef = 2D32D87B23590BE100454EB8 /* TaskIntervalTableViewCell.swift */; };
		2D57306E2329865600E5078A /* CleaConstants.swift in Sources */ = {isa = PBXBuildFile; fileRef = 2D57306D2329865600E5078A /* CleaConstants.swift */; };
		2D610400238AC95600983D74 /* Settings.bundle in Resources */ = {isa = PBXBuildFile; fileRef = 2D6103FF238AC95600983D74 /* Settings.bundle */; };
		2D610404238ADB7600983D74 /* SettingsBundleHelper.swift in Sources */ = {isa = PBXBuildFile; fileRef = 2D610403238ADB7600983D74 /* SettingsBundleHelper.swift */; };
		2D71443B2353B7D400944524 /* Clea.xcdatamodeld in Sources */ = {isa = PBXBuildFile; fileRef = 2D7144392353B7D400944524 /* Clea.xcdatamodeld */; };
		2D7CEF37235A4EB8006522D1 /* TaskLastCompletedTableViewCell.swift in Sources */ = {isa = PBXBuildFile; fileRef = 2D7CEF36235A4EB8006522D1 /* TaskLastCompletedTableViewCell.swift */; };
		2D7E0D502565D50000CF30A0 /* DataHandoff.swift in Sources */ = {isa = PBXBuildFile; fileRef = 2D7E0D4F2565D50000CF30A0 /* DataHandoff.swift */; };
		2D7E0D592565EAE600CF30A0 /* CleaConstants.swift in Sources */ = {isa = PBXBuildFile; fileRef = 2D57306D2329865600E5078A /* CleaConstants.swift */; };
		2D83FB96255B8384005656C2 /* TaskWidgetView.swift in Sources */ = {isa = PBXBuildFile; fileRef = 2D83FB94255B8383005656C2 /* TaskWidgetView.swift */; };
		2D83FBA9255C39E5005656C2 /* Task.swift in Sources */ = {isa = PBXBuildFile; fileRef = 2D83FBA8255C39E5005656C2 /* Task.swift */; };
		2DA7F6872100D72300B7A295 /* AppDelegate.swift in Sources */ = {isa = PBXBuildFile; fileRef = 2DA7F6862100D72300B7A295 /* AppDelegate.swift */; };
		2DA7F68C2100D72300B7A295 /* Main.storyboard in Resources */ = {isa = PBXBuildFile; fileRef = 2DA7F68A2100D72300B7A295 /* Main.storyboard */; };
		2DA7F6912100D72500B7A295 /* Assets.xcassets in Resources */ = {isa = PBXBuildFile; fileRef = 2DA7F6902100D72500B7A295 /* Assets.xcassets */; };
		2DA7F69F2100D72600B7A295 /* CleaTests.swift in Sources */ = {isa = PBXBuildFile; fileRef = 2DA7F69E2100D72600B7A295 /* CleaTests.swift */; };
		2DA7F6AA2100D72600B7A295 /* CleaUITests.swift in Sources */ = {isa = PBXBuildFile; fileRef = 2DA7F6A92100D72600B7A295 /* CleaUITests.swift */; };
		2DC84C4A2353AD4D003C5EDA /* RoomTypeTableViewCell.swift in Sources */ = {isa = PBXBuildFile; fileRef = 2DC84C492353AD4D003C5EDA /* RoomTypeTableViewCell.swift */; };
		2DC84C4D2353AD7C003C5EDA /* RoomTableViewCell.swift in Sources */ = {isa = PBXBuildFile; fileRef = 2DC84C4B2353AD7C003C5EDA /* RoomTableViewCell.swift */; };
		2DC84C4E2353AD7C003C5EDA /* RoomTableViewCell.xib in Resources */ = {isa = PBXBuildFile; fileRef = 2DC84C4C2353AD7C003C5EDA /* RoomTableViewCell.xib */; };
		2DC84C512353AD98003C5EDA /* TaskTableViewCell.xib in Resources */ = {isa = PBXBuildFile; fileRef = 2DC84C4F2353AD98003C5EDA /* TaskTableViewCell.xib */; };
		2DC84C522353AD98003C5EDA /* TaskTableViewCell.swift in Sources */ = {isa = PBXBuildFile; fileRef = 2DC84C502353AD98003C5EDA /* TaskTableViewCell.swift */; };
		2DC84C5A2353AE3F003C5EDA /* RoomTableViewController.swift in Sources */ = {isa = PBXBuildFile; fileRef = 2DC84C582353AE3F003C5EDA /* RoomTableViewController.swift */; };
		2DC84C5B2353AE3F003C5EDA /* RoomViewController.swift in Sources */ = {isa = PBXBuildFile; fileRef = 2DC84C592353AE3F003C5EDA /* RoomViewController.swift */; };
		2DC84C5E2353AE64003C5EDA /* TaskViewController.swift in Sources */ = {isa = PBXBuildFile; fileRef = 2DC84C5C2353AE64003C5EDA /* TaskViewController.swift */; };
		2DC84C5F2353AE64003C5EDA /* TaskTableViewController.swift in Sources */ = {isa = PBXBuildFile; fileRef = 2DC84C5D2353AE64003C5EDA /* TaskTableViewController.swift */; };
		2DC84C662353AF0F003C5EDA /* DataController.swift in Sources */ = {isa = PBXBuildFile; fileRef = 2DC84C652353AF0F003C5EDA /* DataController.swift */; };
		2DDB0D3523367FBF00B89E0F /* Notifications.swift in Sources */ = {isa = PBXBuildFile; fileRef = 2DDB0D3423367FBF00B89E0F /* Notifications.swift */; };
		2DEFA9AC2340F11700424D10 /* Toast.swift in Sources */ = {isa = PBXBuildFile; fileRef = 2DEFA9AB2340F11700424D10 /* Toast.swift */; };
		2DF662EA255B800F001274A8 /* WidgetKit.framework in Frameworks */ = {isa = PBXBuildFile; fileRef = 2DF662E9255B800F001274A8 /* WidgetKit.framework */; };
		2DF662EC255B800F001274A8 /* SwiftUI.framework in Frameworks */ = {isa = PBXBuildFile; fileRef = 2DF662EB255B800F001274A8 /* SwiftUI.framework */; };
		2DF662EF255B800F001274A8 /* TaskWidget.swift in Sources */ = {isa = PBXBuildFile; fileRef = 2DF662EE255B800F001274A8 /* TaskWidget.swift */; };
		2DF662F1255B8012001274A8 /* Assets.xcassets in Resources */ = {isa = PBXBuildFile; fileRef = 2DF662F0255B8012001274A8 /* Assets.xcassets */; };
		2DF662F5255B8012001274A8 /* TaskWidgetExtension.appex in Embed Foundation Extensions */ = {isa = PBXBuildFile; fileRef = 2DF662E7255B800F001274A8 /* TaskWidgetExtension.appex */; settings = {ATTRIBUTES = (RemoveHeadersOnCopy, ); }; };
/* End PBXBuildFile section */

/* Begin PBXContainerItemProxy section */
		2DA7F69B2100D72600B7A295 /* PBXContainerItemProxy */ = {
			isa = PBXContainerItemProxy;
			containerPortal = 2DA7F67B2100D72300B7A295 /* Project object */;
			proxyType = 1;
			remoteGlobalIDString = 2DA7F6822100D72300B7A295;
			remoteInfo = Clea;
		};
		2DA7F6A62100D72600B7A295 /* PBXContainerItemProxy */ = {
			isa = PBXContainerItemProxy;
			containerPortal = 2DA7F67B2100D72300B7A295 /* Project object */;
			proxyType = 1;
			remoteGlobalIDString = 2DA7F6822100D72300B7A295;
			remoteInfo = Clea;
		};
		2DF662F3255B8012001274A8 /* PBXContainerItemProxy */ = {
			isa = PBXContainerItemProxy;
			containerPortal = 2DA7F67B2100D72300B7A295 /* Project object */;
			proxyType = 1;
			remoteGlobalIDString = 2DF662E6255B800F001274A8;
			remoteInfo = TaskWidgetExtension;
		};
/* End PBXContainerItemProxy section */

/* Begin PBXCopyFilesBuildPhase section */
		2DF662F6255B8012001274A8 /* Embed Foundation Extensions */ = {
			isa = PBXCopyFilesBuildPhase;
			buildActionMask = 2147483647;
			dstPath = "";
			dstSubfolderSpec = 13;
			files = (
				2DF662F5255B8012001274A8 /* TaskWidgetExtension.appex in Embed Foundation Extensions */,
			);
			name = "Embed Foundation Extensions";
			runOnlyForDeploymentPostprocessing = 0;
		};
/* End PBXCopyFilesBuildPhase section */

/* Begin PBXFileReference section */
		2D2C910E2363A7FB0029874A /* SharedFunctions.swift */ = {isa = PBXFileReference; fileEncoding = 4; lastKnownFileType = sourcecode.swift; path = SharedFunctions.swift; sourceTree = "<group>"; };
		2D32D8792358EEC200454EB8 /* TaskRoomTableViewCell.swift */ = {isa = PBXFileReference; lastKnownFileType = sourcecode.swift; path = TaskRoomTableViewCell.swift; sourceTree = "<group>"; };
		2D32D87B23590BE100454EB8 /* TaskIntervalTableViewCell.swift */ = {isa = PBXFileReference; lastKnownFileType = sourcecode.swift; path = TaskIntervalTableViewCell.swift; sourceTree = "<group>"; };
		2D57306D2329865600E5078A /* CleaConstants.swift */ = {isa = PBXFileReference; lastKnownFileType = sourcecode.swift; path = CleaConstants.swift; sourceTree = "<group>"; };
		2D6103FF238AC95600983D74 /* Settings.bundle */ = {isa = PBXFileReference; lastKnownFileType = "wrapper.plug-in"; path = Settings.bundle; sourceTree = "<group>"; };
		2D610403238ADB7600983D74 /* SettingsBundleHelper.swift */ = {isa = PBXFileReference; lastKnownFileType = sourcecode.swift; path = SettingsBundleHelper.swift; sourceTree = "<group>"; };
		2D71443A2353B7D400944524 /* Clea.xcdatamodel */ = {isa = PBXFileReference; lastKnownFileType = wrapper.xcdatamodel; path = Clea.xcdatamodel; sourceTree = "<group>"; };
		2D7CEF36235A4EB8006522D1 /* TaskLastCompletedTableViewCell.swift */ = {isa = PBXFileReference; lastKnownFileType = sourcecode.swift; path = TaskLastCompletedTableViewCell.swift; sourceTree = "<group>"; };
		2D7E0D4F2565D50000CF30A0 /* DataHandoff.swift */ = {isa = PBXFileReference; lastKnownFileType = sourcecode.swift; path = DataHandoff.swift; sourceTree = "<group>"; };
		2D83FB94255B8383005656C2 /* TaskWidgetView.swift */ = {isa = PBXFileReference; lastKnownFileType = sourcecode.swift; path = TaskWidgetView.swift; sourceTree = "<group>"; };
		2D83FBA8255C39E5005656C2 /* Task.swift */ = {isa = PBXFileReference; lastKnownFileType = sourcecode.swift; path = Task.swift; sourceTree = "<group>"; };
		2D8E958C256AF67A00C434A0 /* TaskWidgetExtension.entitlements */ = {isa = PBXFileReference; lastKnownFileType = text.plist.entitlements; path = TaskWidgetExtension.entitlements; sourceTree = "<group>"; };
		2D98E5F0256DFD8900990326 /* Clea.entitlements */ = {isa = PBXFileReference; fileEncoding = 4; lastKnownFileType = text.plist.entitlements; path = Clea.entitlements; sourceTree = "<group>"; };
		2DA7F6832100D72300B7A295 /* Clea.app */ = {isa = PBXFileReference; explicitFileType = wrapper.application; includeInIndex = 0; path = Clea.app; sourceTree = BUILT_PRODUCTS_DIR; };
		2DA7F6862100D72300B7A295 /* AppDelegate.swift */ = {isa = PBXFileReference; lastKnownFileType = sourcecode.swift; path = AppDelegate.swift; sourceTree = "<group>"; };
		2DA7F68B2100D72300B7A295 /* Base */ = {isa = PBXFileReference; lastKnownFileType = file.storyboard; name = Base; path = Base.lproj/Main.storyboard; sourceTree = "<group>"; };
		2DA7F6902100D72500B7A295 /* Assets.xcassets */ = {isa = PBXFileReference; lastKnownFileType = folder.assetcatalog; path = Assets.xcassets; sourceTree = "<group>"; };
		2DA7F6952100D72500B7A295 /* Info.plist */ = {isa = PBXFileReference; lastKnownFileType = text.plist.xml; path = Info.plist; sourceTree = "<group>"; };
		2DA7F69A2100D72600B7A295 /* CleaTests.xctest */ = {isa = PBXFileReference; explicitFileType = wrapper.cfbundle; includeInIndex = 0; path = CleaTests.xctest; sourceTree = BUILT_PRODUCTS_DIR; };
		2DA7F69E2100D72600B7A295 /* CleaTests.swift */ = {isa = PBXFileReference; lastKnownFileType = sourcecode.swift; path = CleaTests.swift; sourceTree = "<group>"; };
		2DA7F6A02100D72600B7A295 /* Info.plist */ = {isa = PBXFileReference; lastKnownFileType = text.plist.xml; path = Info.plist; sourceTree = "<group>"; };
		2DA7F6A52100D72600B7A295 /* CleaUITests.xctest */ = {isa = PBXFileReference; explicitFileType = wrapper.cfbundle; includeInIndex = 0; path = CleaUITests.xctest; sourceTree = BUILT_PRODUCTS_DIR; };
		2DA7F6A92100D72600B7A295 /* CleaUITests.swift */ = {isa = PBXFileReference; lastKnownFileType = sourcecode.swift; path = CleaUITests.swift; sourceTree = "<group>"; };
		2DA7F6AB2100D72600B7A295 /* Info.plist */ = {isa = PBXFileReference; lastKnownFileType = text.plist.xml; path = Info.plist; sourceTree = "<group>"; };
		2DC84C492353AD4D003C5EDA /* RoomTypeTableViewCell.swift */ = {isa = PBXFileReference; fileEncoding = 4; lastKnownFileType = sourcecode.swift; path = RoomTypeTableViewCell.swift; sourceTree = "<group>"; };
		2DC84C4B2353AD7C003C5EDA /* RoomTableViewCell.swift */ = {isa = PBXFileReference; fileEncoding = 4; lastKnownFileType = sourcecode.swift; path = RoomTableViewCell.swift; sourceTree = "<group>"; };
		2DC84C4C2353AD7C003C5EDA /* RoomTableViewCell.xib */ = {isa = PBXFileReference; fileEncoding = 4; lastKnownFileType = file.xib; path = RoomTableViewCell.xib; sourceTree = "<group>"; };
		2DC84C4F2353AD98003C5EDA /* TaskTableViewCell.xib */ = {isa = PBXFileReference; fileEncoding = 4; lastKnownFileType = file.xib; path = TaskTableViewCell.xib; sourceTree = "<group>"; };
		2DC84C502353AD98003C5EDA /* TaskTableViewCell.swift */ = {isa = PBXFileReference; fileEncoding = 4; lastKnownFileType = sourcecode.swift; path = TaskTableViewCell.swift; sourceTree = "<group>"; };
		2DC84C582353AE3F003C5EDA /* RoomTableViewController.swift */ = {isa = PBXFileReference; fileEncoding = 4; lastKnownFileType = sourcecode.swift; path = RoomTableViewController.swift; sourceTree = "<group>"; };
		2DC84C592353AE3F003C5EDA /* RoomViewController.swift */ = {isa = PBXFileReference; fileEncoding = 4; lastKnownFileType = sourcecode.swift; path = RoomViewController.swift; sourceTree = "<group>"; };
		2DC84C5C2353AE64003C5EDA /* TaskViewController.swift */ = {isa = PBXFileReference; fileEncoding = 4; lastKnownFileType = sourcecode.swift; path = TaskViewController.swift; sourceTree = "<group>"; };
		2DC84C5D2353AE64003C5EDA /* TaskTableViewController.swift */ = {isa = PBXFileReference; fileEncoding = 4; lastKnownFileType = sourcecode.swift; path = TaskTableViewController.swift; sourceTree = "<group>"; };
		2DC84C652353AF0F003C5EDA /* DataController.swift */ = {isa = PBXFileReference; fileEncoding = 4; lastKnownFileType = sourcecode.swift; path = DataController.swift; sourceTree = "<group>"; };
		2DDB0D3423367FBF00B89E0F /* Notifications.swift */ = {isa = PBXFileReference; lastKnownFileType = sourcecode.swift; path = Notifications.swift; sourceTree = "<group>"; };
		2DEFA9AB2340F11700424D10 /* Toast.swift */ = {isa = PBXFileReference; lastKnownFileType = sourcecode.swift; path = Toast.swift; sourceTree = "<group>"; };
		2DF662E7255B800F001274A8 /* TaskWidgetExtension.appex */ = {isa = PBXFileReference; explicitFileType = "wrapper.app-extension"; includeInIndex = 0; path = TaskWidgetExtension.appex; sourceTree = BUILT_PRODUCTS_DIR; };
		2DF662E9255B800F001274A8 /* WidgetKit.framework */ = {isa = PBXFileReference; lastKnownFileType = wrapper.framework; name = WidgetKit.framework; path = System/Library/Frameworks/WidgetKit.framework; sourceTree = SDKROOT; };
		2DF662EB255B800F001274A8 /* SwiftUI.framework */ = {isa = PBXFileReference; lastKnownFileType = wrapper.framework; name = SwiftUI.framework; path = System/Library/Frameworks/SwiftUI.framework; sourceTree = SDKROOT; };
		2DF662EE255B800F001274A8 /* TaskWidget.swift */ = {isa = PBXFileReference; lastKnownFileType = sourcecode.swift; path = TaskWidget.swift; sourceTree = "<group>"; };
		2DF662F0255B8012001274A8 /* Assets.xcassets */ = {isa = PBXFileReference; lastKnownFileType = folder.assetcatalog; path = Assets.xcassets; sourceTree = "<group>"; };
		2DF662F2255B8012001274A8 /* Info.plist */ = {isa = PBXFileReference; lastKnownFileType = text.plist.xml; path = Info.plist; sourceTree = "<group>"; };
/* End PBXFileReference section */

/* Begin PBXFrameworksBuildPhase section */
		2DA7F6802100D72300B7A295 /* Frameworks */ = {
			isa = PBXFrameworksBuildPhase;
			buildActionMask = 2147483647;
			files = (
			);
			runOnlyForDeploymentPostprocessing = 0;
		};
		2DA7F6972100D72600B7A295 /* Frameworks */ = {
			isa = PBXFrameworksBuildPhase;
			buildActionMask = 2147483647;
			files = (
			);
			runOnlyForDeploymentPostprocessing = 0;
		};
		2DA7F6A22100D72600B7A295 /* Frameworks */ = {
			isa = PBXFrameworksBuildPhase;
			buildActionMask = 2147483647;
			files = (
			);
			runOnlyForDeploymentPostprocessing = 0;
		};
		2DF662E4255B800F001274A8 /* Frameworks */ = {
			isa = PBXFrameworksBuildPhase;
			buildActionMask = 2147483647;
			files = (
				2DF662EC255B800F001274A8 /* SwiftUI.framework in Frameworks */,
				2DF662EA255B800F001274A8 /* WidgetKit.framework in Frameworks */,
			);
			runOnlyForDeploymentPostprocessing = 0;
		};
/* End PBXFrameworksBuildPhase section */

/* Begin PBXGroup section */
		2DA7F67A2100D72300B7A295 = {
			isa = PBXGroup;
			children = (
				2D98E5F0256DFD8900990326 /* Clea.entitlements */,
				2D8E958C256AF67A00C434A0 /* TaskWidgetExtension.entitlements */,
				2D6103FF238AC95600983D74 /* Settings.bundle */,
				2D610403238ADB7600983D74 /* SettingsBundleHelper.swift */,
				2DA7F6852100D72300B7A295 /* Clea */,
				2DA7F69D2100D72600B7A295 /* CleaTests */,
				2DA7F6A82100D72600B7A295 /* CleaUITests */,
				2DF662ED255B800F001274A8 /* TaskWidget */,
				2DF662E8255B800F001274A8 /* Frameworks */,
				2DA7F6842100D72300B7A295 /* Products */,
			);
			sourceTree = "<group>";
		};
		2DA7F6842100D72300B7A295 /* Products */ = {
			isa = PBXGroup;
			children = (
				2DA7F6832100D72300B7A295 /* Clea.app */,
				2DA7F69A2100D72600B7A295 /* CleaTests.xctest */,
				2DA7F6A52100D72600B7A295 /* CleaUITests.xctest */,
				2DF662E7255B800F001274A8 /* TaskWidgetExtension.appex */,
			);
			name = Products;
			sourceTree = "<group>";
		};
		2DA7F6852100D72300B7A295 /* Clea */ = {
			isa = PBXGroup;
			children = (
				2DA7F6902100D72500B7A295 /* Assets.xcassets */,
				2DA7F6952100D72500B7A295 /* Info.plist */,
				2DA7F68A2100D72300B7A295 /* Main.storyboard */,
				2D7144392353B7D400944524 /* Clea.xcdatamodeld */,
				2DA7F6862100D72300B7A295 /* AppDelegate.swift */,
				2D57306D2329865600E5078A /* CleaConstants.swift */,
				2D7E0D4F2565D50000CF30A0 /* DataHandoff.swift */,
				2DDB0D3423367FBF00B89E0F /* Notifications.swift */,
				2D2C910E2363A7FB0029874A /* SharedFunctions.swift */,
				2DEFA9AB2340F11700424D10 /* Toast.swift */,
				2DC84C642353AF0F003C5EDA /* Controllers */,
				2DC84C572353AE3F003C5EDA /* ViewControllers */,
				2DE6B62C2353ACBA00C0506D /* ViewCells */,
			);
			path = Clea;
			sourceTree = "<group>";
		};
		2DA7F69D2100D72600B7A295 /* CleaTests */ = {
			isa = PBXGroup;
			children = (
				2DA7F69E2100D72600B7A295 /* CleaTests.swift */,
				2DA7F6A02100D72600B7A295 /* Info.plist */,
			);
			path = CleaTests;
			sourceTree = "<group>";
		};
		2DA7F6A82100D72600B7A295 /* CleaUITests */ = {
			isa = PBXGroup;
			children = (
				2DA7F6A92100D72600B7A295 /* CleaUITests.swift */,
				2DA7F6AB2100D72600B7A295 /* Info.plist */,
			);
			path = CleaUITests;
			sourceTree = "<group>";
		};
		2DC84C572353AE3F003C5EDA /* ViewControllers */ = {
			isa = PBXGroup;
			children = (
				2DC84C582353AE3F003C5EDA /* RoomTableViewController.swift */,
				2DC84C592353AE3F003C5EDA /* RoomViewController.swift */,
				2DC84C5D2353AE64003C5EDA /* TaskTableViewController.swift */,
				2DC84C5C2353AE64003C5EDA /* TaskViewController.swift */,
			);
			path = ViewControllers;
			sourceTree = "<group>";
		};
		2DC84C642353AF0F003C5EDA /* Controllers */ = {
			isa = PBXGroup;
			children = (
				2DC84C652353AF0F003C5EDA /* DataController.swift */,
			);
			path = Controllers;
			sourceTree = "<group>";
		};
		2DE6B62C2353ACBA00C0506D /* ViewCells */ = {
			isa = PBXGroup;
			children = (
				2DC84C4C2353AD7C003C5EDA /* RoomTableViewCell.xib */,
				2DC84C4B2353AD7C003C5EDA /* RoomTableViewCell.swift */,
				2DC84C492353AD4D003C5EDA /* RoomTypeTableViewCell.swift */,
				2DC84C4F2353AD98003C5EDA /* TaskTableViewCell.xib */,
				2DC84C502353AD98003C5EDA /* TaskTableViewCell.swift */,
				2D32D8792358EEC200454EB8 /* TaskRoomTableViewCell.swift */,
				2D32D87B23590BE100454EB8 /* TaskIntervalTableViewCell.swift */,
				2D7CEF36235A4EB8006522D1 /* TaskLastCompletedTableViewCell.swift */,
			);
			path = ViewCells;
			sourceTree = "<group>";
		};
		2DF662E8255B800F001274A8 /* Frameworks */ = {
			isa = PBXGroup;
			children = (
				2DF662E9255B800F001274A8 /* WidgetKit.framework */,
				2DF662EB255B800F001274A8 /* SwiftUI.framework */,
			);
			name = Frameworks;
			sourceTree = "<group>";
		};
		2DF662ED255B800F001274A8 /* TaskWidget */ = {
			isa = PBXGroup;
			children = (
				2DF662EE255B800F001274A8 /* TaskWidget.swift */,
				2D83FB94255B8383005656C2 /* TaskWidgetView.swift */,
				2DF662F0255B8012001274A8 /* Assets.xcassets */,
				2DF662F2255B8012001274A8 /* Info.plist */,
				2D83FBA8255C39E5005656C2 /* Task.swift */,
			);
			path = TaskWidget;
			sourceTree = "<group>";
		};
/* End PBXGroup section */

/* Begin PBXNativeTarget section */
		2DA7F6822100D72300B7A295 /* Clea */ = {
			isa = PBXNativeTarget;
			buildConfigurationList = 2DA7F6AE2100D72600B7A295 /* Build configuration list for PBXNativeTarget "Clea" */;
			buildPhases = (
				2DA7F67F2100D72300B7A295 /* Sources */,
				2DA7F6802100D72300B7A295 /* Frameworks */,
				2DA7F6812100D72300B7A295 /* Resources */,
				2DF662F6255B8012001274A8 /* Embed Foundation Extensions */,
			);
			buildRules = (
			);
			dependencies = (
				2DF662F4255B8012001274A8 /* PBXTargetDependency */,
			);
			name = Clea;
			productName = Clea;
			productReference = 2DA7F6832100D72300B7A295 /* Clea.app */;
			productType = "com.apple.product-type.application";
		};
		2DA7F6992100D72600B7A295 /* CleaTests */ = {
			isa = PBXNativeTarget;
			buildConfigurationList = 2DA7F6B12100D72600B7A295 /* Build configuration list for PBXNativeTarget "CleaTests" */;
			buildPhases = (
				2DA7F6962100D72600B7A295 /* Sources */,
				2DA7F6972100D72600B7A295 /* Frameworks */,
				2DA7F6982100D72600B7A295 /* Resources */,
			);
			buildRules = (
			);
			dependencies = (
				2DA7F69C2100D72600B7A295 /* PBXTargetDependency */,
			);
			name = CleaTests;
			productName = CleaTests;
			productReference = 2DA7F69A2100D72600B7A295 /* CleaTests.xctest */;
			productType = "com.apple.product-type.bundle.unit-test";
		};
		2DA7F6A42100D72600B7A295 /* CleaUITests */ = {
			isa = PBXNativeTarget;
			buildConfigurationList = 2DA7F6B42100D72600B7A295 /* Build configuration list for PBXNativeTarget "CleaUITests" */;
			buildPhases = (
				2DA7F6A12100D72600B7A295 /* Sources */,
				2DA7F6A22100D72600B7A295 /* Frameworks */,
				2DA7F6A32100D72600B7A295 /* Resources */,
			);
			buildRules = (
			);
			dependencies = (
				2DA7F6A72100D72600B7A295 /* PBXTargetDependency */,
			);
			name = CleaUITests;
			productName = CleaUITests;
			productReference = 2DA7F6A52100D72600B7A295 /* CleaUITests.xctest */;
			productType = "com.apple.product-type.bundle.ui-testing";
		};
		2DF662E6255B800F001274A8 /* TaskWidgetExtension */ = {
			isa = PBXNativeTarget;
			buildConfigurationList = 2DF662F9255B8012001274A8 /* Build configuration list for PBXNativeTarget "TaskWidgetExtension" */;
			buildPhases = (
				2DF662E3255B800F001274A8 /* Sources */,
				2DF662E4255B800F001274A8 /* Frameworks */,
				2DF662E5255B800F001274A8 /* Resources */,
			);
			buildRules = (
			);
			dependencies = (
			);
			name = TaskWidgetExtension;
			productName = TaskWidgetExtension;
			productReference = 2DF662E7255B800F001274A8 /* TaskWidgetExtension.appex */;
			productType = "com.apple.product-type.app-extension";
		};
/* End PBXNativeTarget section */

/* Begin PBXProject section */
		2DA7F67B2100D72300B7A295 /* Project object */ = {
			isa = PBXProject;
			attributes = {
				BuildIndependentTargetsInParallel = YES;
				LastSwiftUpdateCheck = 1210;
				LastUpgradeCheck = 1500;
				ORGANIZATIONNAME = "Damian Elsen";
				TargetAttributes = {
					2DA7F6822100D72300B7A295 = {
						CreatedOnToolsVersion = 9.4.1;
						LastSwiftMigration = 1020;
						SystemCapabilities = {
							com.apple.BackgroundModes = {
								enabled = 1;
							};
						};
					};
					2DA7F6992100D72600B7A295 = {
						CreatedOnToolsVersion = 9.4.1;
						LastSwiftMigration = 1020;
						TestTargetID = 2DA7F6822100D72300B7A295;
					};
					2DA7F6A42100D72600B7A295 = {
						CreatedOnToolsVersion = 9.4.1;
						LastSwiftMigration = 1020;
						TestTargetID = 2DA7F6822100D72300B7A295;
					};
					2DF662E6255B800F001274A8 = {
						CreatedOnToolsVersion = 12.1;
					};
				};
			};
			buildConfigurationList = 2DA7F67E2100D72300B7A295 /* Build configuration list for PBXProject "Clea" */;
			compatibilityVersion = "Xcode 9.3";
			developmentRegion = en;
			hasScannedForEncodings = 0;
			knownRegions = (
				en,
				Base,
			);
			mainGroup = 2DA7F67A2100D72300B7A295;
			productRefGroup = 2DA7F6842100D72300B7A295 /* Products */;
			projectDirPath = "";
			projectRoot = "";
			targets = (
				2DA7F6822100D72300B7A295 /* Clea */,
				2DA7F6992100D72600B7A295 /* CleaTests */,
				2DA7F6A42100D72600B7A295 /* CleaUITests */,
				2DF662E6255B800F001274A8 /* TaskWidgetExtension */,
			);
		};
/* End PBXProject section */

/* Begin PBXResourcesBuildPhase section */
		2DA7F6812100D72300B7A295 /* Resources */ = {
			isa = PBXResourcesBuildPhase;
			buildActionMask = 2147483647;
			files = (
				2DC84C512353AD98003C5EDA /* TaskTableViewCell.xib in Resources */,
				2DA7F6912100D72500B7A295 /* Assets.xcassets in Resources */,
				2D610400238AC95600983D74 /* Settings.bundle in Resources */,
				2DA7F68C2100D72300B7A295 /* Main.storyboard in Resources */,
				2DC84C4E2353AD7C003C5EDA /* RoomTableViewCell.xib in Resources */,
			);
			runOnlyForDeploymentPostprocessing = 0;
		};
		2DA7F6982100D72600B7A295 /* Resources */ = {
			isa = PBXResourcesBuildPhase;
			buildActionMask = 2147483647;
			files = (
			);
			runOnlyForDeploymentPostprocessing = 0;
		};
		2DA7F6A32100D72600B7A295 /* Resources */ = {
			isa = PBXResourcesBuildPhase;
			buildActionMask = 2147483647;
			files = (
			);
			runOnlyForDeploymentPostprocessing = 0;
		};
		2DF662E5255B800F001274A8 /* Resources */ = {
			isa = PBXResourcesBuildPhase;
			buildActionMask = 2147483647;
			files = (
				2DF662F1255B8012001274A8 /* Assets.xcassets in Resources */,
			);
			runOnlyForDeploymentPostprocessing = 0;
		};
/* End PBXResourcesBuildPhase section */

/* Begin PBXSourcesBuildPhase section */
		2DA7F67F2100D72300B7A295 /* Sources */ = {
			isa = PBXSourcesBuildPhase;
			buildActionMask = 2147483647;
			files = (
				2D32D87C23590BE100454EB8 /* TaskIntervalTableViewCell.swift in Sources */,
				2DC84C5A2353AE3F003C5EDA /* RoomTableViewController.swift in Sources */,
				2D57306E2329865600E5078A /* CleaConstants.swift in Sources */,
				2DC84C5F2353AE64003C5EDA /* TaskTableViewController.swift in Sources */,
				2D610404238ADB7600983D74 /* SettingsBundleHelper.swift in Sources */,
				2DC84C5B2353AE3F003C5EDA /* RoomViewController.swift in Sources */,
				2DC84C522353AD98003C5EDA /* TaskTableViewCell.swift in Sources */,
				2D2C910F2363A7FB0029874A /* SharedFunctions.swift in Sources */,
				2D7CEF37235A4EB8006522D1 /* TaskLastCompletedTableViewCell.swift in Sources */,
				2DEFA9AC2340F11700424D10 /* Toast.swift in Sources */,
				2DC84C5E2353AE64003C5EDA /* TaskViewController.swift in Sources */,
				2DDB0D3523367FBF00B89E0F /* Notifications.swift in Sources */,
				2DC84C4A2353AD4D003C5EDA /* RoomTypeTableViewCell.swift in Sources */,
				2DC84C4D2353AD7C003C5EDA /* RoomTableViewCell.swift in Sources */,
				2DA7F6872100D72300B7A295 /* AppDelegate.swift in Sources */,
				2D32D87A2358EEC200454EB8 /* TaskRoomTableViewCell.swift in Sources */,
				2D71443B2353B7D400944524 /* Clea.xcdatamodeld in Sources */,
				2DC84C662353AF0F003C5EDA /* DataController.swift in Sources */,
				2D7E0D502565D50000CF30A0 /* DataHandoff.swift in Sources */,
			);
			runOnlyForDeploymentPostprocessing = 0;
		};
		2DA7F6962100D72600B7A295 /* Sources */ = {
			isa = PBXSourcesBuildPhase;
			buildActionMask = 2147483647;
			files = (
				2DA7F69F2100D72600B7A295 /* CleaTests.swift in Sources */,
			);
			runOnlyForDeploymentPostprocessing = 0;
		};
		2DA7F6A12100D72600B7A295 /* Sources */ = {
			isa = PBXSourcesBuildPhase;
			buildActionMask = 2147483647;
			files = (
				2DA7F6AA2100D72600B7A295 /* CleaUITests.swift in Sources */,
			);
			runOnlyForDeploymentPostprocessing = 0;
		};
		2DF662E3255B800F001274A8 /* Sources */ = {
			isa = PBXSourcesBuildPhase;
			buildActionMask = 2147483647;
			files = (
				2DF662EF255B800F001274A8 /* TaskWidget.swift in Sources */,
				2D83FBA9255C39E5005656C2 /* Task.swift in Sources */,
				2D83FB96255B8384005656C2 /* TaskWidgetView.swift in Sources */,
				2D7E0D592565EAE600CF30A0 /* CleaConstants.swift in Sources */,
			);
			runOnlyForDeploymentPostprocessing = 0;
		};
/* End PBXSourcesBuildPhase section */

/* Begin PBXTargetDependency section */
		2DA7F69C2100D72600B7A295 /* PBXTargetDependency */ = {
			isa = PBXTargetDependency;
			target = 2DA7F6822100D72300B7A295 /* Clea */;
			targetProxy = 2DA7F69B2100D72600B7A295 /* PBXContainerItemProxy */;
		};
		2DA7F6A72100D72600B7A295 /* PBXTargetDependency */ = {
			isa = PBXTargetDependency;
			target = 2DA7F6822100D72300B7A295 /* Clea */;
			targetProxy = 2DA7F6A62100D72600B7A295 /* PBXContainerItemProxy */;
		};
		2DF662F4255B8012001274A8 /* PBXTargetDependency */ = {
			isa = PBXTargetDependency;
			target = 2DF662E6255B800F001274A8 /* TaskWidgetExtension */;
			targetProxy = 2DF662F3255B8012001274A8 /* PBXContainerItemProxy */;
		};
/* End PBXTargetDependency section */

/* Begin PBXVariantGroup section */
		2DA7F68A2100D72300B7A295 /* Main.storyboard */ = {
			isa = PBXVariantGroup;
			children = (
				2DA7F68B2100D72300B7A295 /* Base */,
			);
			name = Main.storyboard;
			sourceTree = "<group>";
		};
/* End PBXVariantGroup section */

/* Begin XCBuildConfiguration section */
		2DA7F6AC2100D72600B7A295 /* Debug */ = {
			isa = XCBuildConfiguration;
			buildSettings = {
				ALWAYS_SEARCH_USER_PATHS = NO;
				CLANG_ANALYZER_NONNULL = YES;
				CLANG_ANALYZER_NUMBER_OBJECT_CONVERSION = YES_AGGRESSIVE;
				CLANG_CXX_LANGUAGE_STANDARD = "gnu++14";
				CLANG_CXX_LIBRARY = "libc++";
				CLANG_ENABLE_MODULES = YES;
				CLANG_ENABLE_OBJC_ARC = YES;
				CLANG_ENABLE_OBJC_WEAK = YES;
				CLANG_WARN_BLOCK_CAPTURE_AUTORELEASING = YES;
				CLANG_WARN_BOOL_CONVERSION = YES;
				CLANG_WARN_COMMA = YES;
				CLANG_WARN_CONSTANT_CONVERSION = YES;
				CLANG_WARN_DEPRECATED_OBJC_IMPLEMENTATIONS = YES;
				CLANG_WARN_DIRECT_OBJC_ISA_USAGE = YES_ERROR;
				CLANG_WARN_DOCUMENTATION_COMMENTS = YES;
				CLANG_WARN_EMPTY_BODY = YES;
				CLANG_WARN_ENUM_CONVERSION = YES;
				CLANG_WARN_INFINITE_RECURSION = YES;
				CLANG_WARN_INT_CONVERSION = YES;
				CLANG_WARN_NON_LITERAL_NULL_CONVERSION = YES;
				CLANG_WARN_OBJC_IMPLICIT_RETAIN_SELF = YES;
				CLANG_WARN_OBJC_LITERAL_CONVERSION = YES;
				CLANG_WARN_OBJC_ROOT_CLASS = YES_ERROR;
				CLANG_WARN_QUOTED_INCLUDE_IN_FRAMEWORK_HEADER = YES;
				CLANG_WARN_RANGE_LOOP_ANALYSIS = YES;
				CLANG_WARN_STRICT_PROTOTYPES = YES;
				CLANG_WARN_SUSPICIOUS_MOVE = YES;
				CLANG_WARN_UNGUARDED_AVAILABILITY = YES_AGGRESSIVE;
				CLANG_WARN_UNREACHABLE_CODE = YES;
				CLANG_WARN__DUPLICATE_METHOD_MATCH = YES;
				CODE_SIGN_IDENTITY = "iPhone Developer";
				COPY_PHASE_STRIP = NO;
				DEBUG_INFORMATION_FORMAT = dwarf;
				ENABLE_STRICT_OBJC_MSGSEND = YES;
				ENABLE_TESTABILITY = YES;
				ENABLE_USER_SCRIPT_SANDBOXING = YES;
				GCC_C_LANGUAGE_STANDARD = gnu11;
				GCC_DYNAMIC_NO_PIC = NO;
				GCC_NO_COMMON_BLOCKS = YES;
				GCC_OPTIMIZATION_LEVEL = 0;
				GCC_PREPROCESSOR_DEFINITIONS = (
					"DEBUG=1",
					"$(inherited)",
				);
				GCC_WARN_64_TO_32_BIT_CONVERSION = YES;
				GCC_WARN_ABOUT_RETURN_TYPE = YES_ERROR;
				GCC_WARN_UNDECLARED_SELECTOR = YES;
				GCC_WARN_UNINITIALIZED_AUTOS = YES_AGGRESSIVE;
				GCC_WARN_UNUSED_FUNCTION = YES;
				GCC_WARN_UNUSED_VARIABLE = YES;
				IPHONEOS_DEPLOYMENT_TARGET = 16.0;
				MTL_ENABLE_DEBUG_INFO = YES;
				ONLY_ACTIVE_ARCH = YES;
				SDKROOT = iphoneos;
				SWIFT_ACTIVE_COMPILATION_CONDITIONS = DEBUG;
				SWIFT_OPTIMIZATION_LEVEL = "-Onone";
				SWIFT_VERSION = 5.0;
			};
			name = Debug;
		};
		2DA7F6AD2100D72600B7A295 /* Release */ = {
			isa = XCBuildConfiguration;
			buildSettings = {
				ALWAYS_SEARCH_USER_PATHS = NO;
				CLANG_ANALYZER_NONNULL = YES;
				CLANG_ANALYZER_NUMBER_OBJECT_CONVERSION = YES_AGGRESSIVE;
				CLANG_CXX_LANGUAGE_STANDARD = "gnu++14";
				CLANG_CXX_LIBRARY = "libc++";
				CLANG_ENABLE_MODULES = YES;
				CLANG_ENABLE_OBJC_ARC = YES;
				CLANG_ENABLE_OBJC_WEAK = YES;
				CLANG_WARN_BLOCK_CAPTURE_AUTORELEASING = YES;
				CLANG_WARN_BOOL_CONVERSION = YES;
				CLANG_WARN_COMMA = YES;
				CLANG_WARN_CONSTANT_CONVERSION = YES;
				CLANG_WARN_DEPRECATED_OBJC_IMPLEMENTATIONS = YES;
				CLANG_WARN_DIRECT_OBJC_ISA_USAGE = YES_ERROR;
				CLANG_WARN_DOCUMENTATION_COMMENTS = YES;
				CLANG_WARN_EMPTY_BODY = YES;
				CLANG_WARN_ENUM_CONVERSION = YES;
				CLANG_WARN_INFINITE_RECURSION = YES;
				CLANG_WARN_INT_CONVERSION = YES;
				CLANG_WARN_NON_LITERAL_NULL_CONVERSION = YES;
				CLANG_WARN_OBJC_IMPLICIT_RETAIN_SELF = YES;
				CLANG_WARN_OBJC_LITERAL_CONVERSION = YES;
				CLANG_WARN_OBJC_ROOT_CLASS = YES_ERROR;
				CLANG_WARN_QUOTED_INCLUDE_IN_FRAMEWORK_HEADER = YES;
				CLANG_WARN_RANGE_LOOP_ANALYSIS = YES;
				CLANG_WARN_STRICT_PROTOTYPES = YES;
				CLANG_WARN_SUSPICIOUS_MOVE = YES;
				CLANG_WARN_UNGUARDED_AVAILABILITY = YES_AGGRESSIVE;
				CLANG_WARN_UNREACHABLE_CODE = YES;
				CLANG_WARN__DUPLICATE_METHOD_MATCH = YES;
				CODE_SIGN_IDENTITY = "iPhone Developer";
				COPY_PHASE_STRIP = NO;
				DEBUG_INFORMATION_FORMAT = "dwarf-with-dsym";
				ENABLE_NS_ASSERTIONS = NO;
				ENABLE_STRICT_OBJC_MSGSEND = YES;
				ENABLE_USER_SCRIPT_SANDBOXING = YES;
				GCC_C_LANGUAGE_STANDARD = gnu11;
				GCC_NO_COMMON_BLOCKS = YES;
				GCC_WARN_64_TO_32_BIT_CONVERSION = YES;
				GCC_WARN_ABOUT_RETURN_TYPE = YES_ERROR;
				GCC_WARN_UNDECLARED_SELECTOR = YES;
				GCC_WARN_UNINITIALIZED_AUTOS = YES_AGGRESSIVE;
				GCC_WARN_UNUSED_FUNCTION = YES;
				GCC_WARN_UNUSED_VARIABLE = YES;
				IPHONEOS_DEPLOYMENT_TARGET = 16.0;
				MTL_ENABLE_DEBUG_INFO = NO;
				SDKROOT = iphoneos;
				SWIFT_COMPILATION_MODE = wholemodule;
				SWIFT_OPTIMIZATION_LEVEL = "-O";
				SWIFT_VERSION = 5.0;
				VALIDATE_PRODUCT = YES;
			};
			name = Release;
		};
		2DA7F6AF2100D72600B7A295 /* Debug */ = {
			isa = XCBuildConfiguration;
			buildSettings = {
				ALWAYS_EMBED_SWIFT_STANDARD_LIBRARIES = YES;
				ASSETCATALOG_COMPILER_APPICON_NAME = AppIcon;
				CODE_SIGN_ENTITLEMENTS = Clea.entitlements;
				CODE_SIGN_STYLE = Automatic;
				CURRENT_PROJECT_VERSION = 1;
				DEVELOPMENT_TEAM = R29X5U89C7;
				INFOPLIST_FILE = Clea/Info.plist;
				IPHONEOS_DEPLOYMENT_TARGET = 17.0;
				LD_RUNPATH_SEARCH_PATHS = (
					"$(inherited)",
					"@executable_path/Frameworks",
				);
				MARKETING_VERSION = 1.4;
				PRODUCT_BUNDLE_IDENTIFIER = com.damianelsen.Clea;
				PRODUCT_NAME = "$(TARGET_NAME)";
				SWIFT_VERSION = 5.0;
				TARGETED_DEVICE_FAMILY = 1;
			};
			name = Debug;
		};
		2DA7F6B02100D72600B7A295 /* Release */ = {
			isa = XCBuildConfiguration;
			buildSettings = {
				ALWAYS_EMBED_SWIFT_STANDARD_LIBRARIES = YES;
				ASSETCATALOG_COMPILER_APPICON_NAME = AppIcon;
				CODE_SIGN_ENTITLEMENTS = Clea.entitlements;
				CODE_SIGN_STYLE = Automatic;
				CURRENT_PROJECT_VERSION = 1;
				DEVELOPMENT_TEAM = R29X5U89C7;
				INFOPLIST_FILE = Clea/Info.plist;
				IPHONEOS_DEPLOYMENT_TARGET = 17.0;
				LD_RUNPATH_SEARCH_PATHS = (
					"$(inherited)",
					"@executable_path/Frameworks",
				);
				MARKETING_VERSION = 1.4;
				PRODUCT_BUNDLE_IDENTIFIER = com.damianelsen.Clea;
				PRODUCT_NAME = "$(TARGET_NAME)";
				SWIFT_VERSION = 5.0;
				TARGETED_DEVICE_FAMILY = 1;
			};
			name = Release;
		};
		2DA7F6B22100D72600B7A295 /* Debug */ = {
			isa = XCBuildConfiguration;
			buildSettings = {
				ALWAYS_EMBED_SWIFT_STANDARD_LIBRARIES = YES;
				BUNDLE_LOADER = "$(TEST_HOST)";
				CODE_SIGN_STYLE = Automatic;
				DEVELOPMENT_TEAM = R29X5U89C7;
				INFOPLIST_FILE = CleaTests/Info.plist;
				IPHONEOS_DEPLOYMENT_TARGET = 17.0;
				LD_RUNPATH_SEARCH_PATHS = (
					"$(inherited)",
					"@executable_path/Frameworks",
					"@loader_path/Frameworks",
				);
				PRODUCT_BUNDLE_IDENTIFIER = com.damianelsen.CleaTests;
				PRODUCT_NAME = "$(TARGET_NAME)";
				SWIFT_VERSION = 5.0;
				TARGETED_DEVICE_FAMILY = "1,2";
				TEST_HOST = "$(BUILT_PRODUCTS_DIR)/Clea.app/Clea";
			};
			name = Debug;
		};
		2DA7F6B32100D72600B7A295 /* Release */ = {
			isa = XCBuildConfiguration;
			buildSettings = {
				ALWAYS_EMBED_SWIFT_STANDARD_LIBRARIES = YES;
				BUNDLE_LOADER = "$(TEST_HOST)";
				CODE_SIGN_STYLE = Automatic;
				DEVELOPMENT_TEAM = R29X5U89C7;
				INFOPLIST_FILE = CleaTests/Info.plist;
				IPHONEOS_DEPLOYMENT_TARGET = 17.0;
				LD_RUNPATH_SEARCH_PATHS = (
					"$(inherited)",
					"@executable_path/Frameworks",
					"@loader_path/Frameworks",
				);
				PRODUCT_BUNDLE_IDENTIFIER = com.damianelsen.CleaTests;
				PRODUCT_NAME = "$(TARGET_NAME)";
				SWIFT_VERSION = 5.0;
				TARGETED_DEVICE_FAMILY = "1,2";
				TEST_HOST = "$(BUILT_PRODUCTS_DIR)/Clea.app/Clea";
			};
			name = Release;
		};
		2DA7F6B52100D72600B7A295 /* Debug */ = {
			isa = XCBuildConfiguration;
			buildSettings = {
				ALWAYS_EMBED_SWIFT_STANDARD_LIBRARIES = YES;
				CODE_SIGN_STYLE = Automatic;
				DEVELOPMENT_TEAM = R29X5U89C7;
				INFOPLIST_FILE = CleaUITests/Info.plist;
				IPHONEOS_DEPLOYMENT_TARGET = 17.0;
				LD_RUNPATH_SEARCH_PATHS = (
					"$(inherited)",
					"@executable_path/Frameworks",
					"@loader_path/Frameworks",
				);
				PRODUCT_BUNDLE_IDENTIFIER = com.damianelsen.CleaUITests;
				PRODUCT_NAME = "$(TARGET_NAME)";
				SWIFT_VERSION = 5.0;
				TARGETED_DEVICE_FAMILY = "1,2";
				TEST_TARGET_NAME = Clea;
			};
			name = Debug;
		};
		2DA7F6B62100D72600B7A295 /* Release */ = {
			isa = XCBuildConfiguration;
			buildSettings = {
				ALWAYS_EMBED_SWIFT_STANDARD_LIBRARIES = YES;
				CODE_SIGN_STYLE = Automatic;
				DEVELOPMENT_TEAM = R29X5U89C7;
				INFOPLIST_FILE = CleaUITests/Info.plist;
				IPHONEOS_DEPLOYMENT_TARGET = 17.0;
				LD_RUNPATH_SEARCH_PATHS = (
					"$(inherited)",
					"@executable_path/Frameworks",
					"@loader_path/Frameworks",
				);
				PRODUCT_BUNDLE_IDENTIFIER = com.damianelsen.CleaUITests;
				PRODUCT_NAME = "$(TARGET_NAME)";
				SWIFT_VERSION = 5.0;
				TARGETED_DEVICE_FAMILY = "1,2";
				TEST_TARGET_NAME = Clea;
			};
			name = Release;
		};
		2DF662F7255B8012001274A8 /* Debug */ = {
			isa = XCBuildConfiguration;
			buildSettings = {
				APPLICATION_EXTENSION_API_ONLY = YES;
				ASSETCATALOG_COMPILER_GLOBAL_ACCENT_COLOR_NAME = AccentColor;
				ASSETCATALOG_COMPILER_WIDGET_BACKGROUND_COLOR_NAME = WidgetBackground;
				CODE_SIGN_ENTITLEMENTS = TaskWidgetExtension.entitlements;
				CODE_SIGN_STYLE = Automatic;
				DEVELOPMENT_TEAM = R29X5U89C7;
				INFOPLIST_FILE = TaskWidget/Info.plist;
				IPHONEOS_DEPLOYMENT_TARGET = 17.0;
				LD_RUNPATH_SEARCH_PATHS = (
					"$(inherited)",
					"@executable_path/Frameworks",
					"@executable_path/../../Frameworks",
				);
				MTL_ENABLE_DEBUG_INFO = INCLUDE_SOURCE;
				MTL_FAST_MATH = YES;
				PRODUCT_BUNDLE_IDENTIFIER = com.damianelsen.Clea.TaskWidget;
				PRODUCT_NAME = "$(TARGET_NAME)";
				SKIP_INSTALL = YES;
				SWIFT_VERSION = 5.0;
				TARGETED_DEVICE_FAMILY = 1;
			};
			name = Debug;
		};
		2DF662F8255B8012001274A8 /* Release */ = {
			isa = XCBuildConfiguration;
			buildSettings = {
				APPLICATION_EXTENSION_API_ONLY = YES;
				ASSETCATALOG_COMPILER_GLOBAL_ACCENT_COLOR_NAME = AccentColor;
				ASSETCATALOG_COMPILER_WIDGET_BACKGROUND_COLOR_NAME = WidgetBackground;
				CODE_SIGN_ENTITLEMENTS = TaskWidgetExtension.entitlements;
				CODE_SIGN_STYLE = Automatic;
				DEVELOPMENT_TEAM = R29X5U89C7;
				INFOPLIST_FILE = TaskWidget/Info.plist;
				IPHONEOS_DEPLOYMENT_TARGET = 17.0;
				LD_RUNPATH_SEARCH_PATHS = (
					"$(inherited)",
					"@executable_path/Frameworks",
					"@executable_path/../../Frameworks",
				);
				MTL_FAST_MATH = YES;
				PRODUCT_BUNDLE_IDENTIFIER = com.damianelsen.Clea.TaskWidget;
				PRODUCT_NAME = "$(TARGET_NAME)";
				SKIP_INSTALL = YES;
				SWIFT_VERSION = 5.0;
				TARGETED_DEVICE_FAMILY = 1;
			};
			name = Release;
		};
/* End XCBuildConfiguration section */

/* Begin XCConfigurationList section */
		2DA7F67E2100D72300B7A295 /* Build configuration list for PBXProject "Clea" */ = {
			isa = XCConfigurationList;
			buildConfigurations = (
				2DA7F6AC2100D72600B7A295 /* Debug */,
				2DA7F6AD2100D72600B7A295 /* Release */,
			);
			defaultConfigurationIsVisible = 0;
			defaultConfigurationName = Release;
		};
		2DA7F6AE2100D72600B7A295 /* Build configuration list for PBXNativeTarget "Clea" */ = {
			isa = XCConfigurationList;
			buildConfigurations = (
				2DA7F6AF2100D72600B7A295 /* Debug */,
				2DA7F6B02100D72600B7A295 /* Release */,
			);
			defaultConfigurationIsVisible = 0;
			defaultConfigurationName = Release;
		};
		2DA7F6B12100D72600B7A295 /* Build configuration list for PBXNativeTarget "CleaTests" */ = {
			isa = XCConfigurationList;
			buildConfigurations = (
				2DA7F6B22100D72600B7A295 /* Debug */,
				2DA7F6B32100D72600B7A295 /* Release */,
			);
			defaultConfigurationIsVisible = 0;
			defaultConfigurationName = Release;
		};
		2DA7F6B42100D72600B7A295 /* Build configuration list for PBXNativeTarget "CleaUITests" */ = {
			isa = XCConfigurationList;
			buildConfigurations = (
				2DA7F6B52100D72600B7A295 /* Debug */,
				2DA7F6B62100D72600B7A295 /* Release */,
			);
			defaultConfigurationIsVisible = 0;
			defaultConfigurationName = Release;
		};
		2DF662F9255B8012001274A8 /* Build configuration list for PBXNativeTarget "TaskWidgetExtension" */ = {
			isa = XCConfigurationList;
			buildConfigurations = (
				2DF662F7255B8012001274A8 /* Debug */,
				2DF662F8255B8012001274A8 /* Release */,
			);
			defaultConfigurationIsVisible = 0;
			defaultConfigurationName = Release;
		};
/* End XCConfigurationList section */

/* Begin XCVersionGroup section */
		2D7144392353B7D400944524 /* Clea.xcdatamodeld */ = {
			isa = XCVersionGroup;
			children = (
				2D71443A2353B7D400944524 /* Clea.xcdatamodel */,
			);
			currentVersion = 2D71443A2353B7D400944524 /* Clea.xcdatamodel */;
			path = Clea.xcdatamodeld;
			sourceTree = "<group>";
			versionGroupType = wrapper.xcdatamodel;
		};
/* End XCVersionGroup section */
	};
	rootObject = 2DA7F67B2100D72300B7A295 /* Project object */;
}
